// !$*UTF8*$!
{
	archiveVersion = 1;
	classes = {
	};
	objectVersion = 56;
	objects = {

/* Begin PBXBuildFile section */
		C412E8D02B50403100CB7764 /* MockDatabaseManager.swift in Sources */ = {isa = PBXBuildFile; fileRef = C412E8CF2B50403100CB7764 /* MockDatabaseManager.swift */; };
		C412E8D22B5040EA00CB7764 /* ToDoViewModelTests.swift in Sources */ = {isa = PBXBuildFile; fileRef = C412E8D12B5040EA00CB7764 /* ToDoViewModelTests.swift */; };
		C412E8D42B504A7600CB7764 /* Mockable.swift in Sources */ = {isa = PBXBuildFile; fileRef = C412E8D32B504A7600CB7764 /* Mockable.swift */; };
		C412E8D62B504B0E00CB7764 /* Supabase.json in Resources */ = {isa = PBXBuildFile; fileRef = C412E8D52B504B0E00CB7764 /* Supabase.json */; };
		C4149BD32B4BB0B500182109 /* SignOutView.swift in Sources */ = {isa = PBXBuildFile; fileRef = C4149BD22B4BB0B500182109 /* SignOutView.swift */; };
		C42C740A2B4B077C004E0A2C /* NutriListApp.swift in Sources */ = {isa = PBXBuildFile; fileRef = C42C74092B4B077C004E0A2C /* NutriListApp.swift */; };
		C42C740C2B4B077C004E0A2C /* ContentView.swift in Sources */ = {isa = PBXBuildFile; fileRef = C42C740B2B4B077C004E0A2C /* ContentView.swift */; };
		C42C740E2B4B077E004E0A2C /* Assets.xcassets in Resources */ = {isa = PBXBuildFile; fileRef = C42C740D2B4B077E004E0A2C /* Assets.xcassets */; };
		C42C74112B4B077E004E0A2C /* Preview Assets.xcassets in Resources */ = {isa = PBXBuildFile; fileRef = C42C74102B4B077E004E0A2C /* Preview Assets.xcassets */; };
		C42C74252B4B077F004E0A2C /* NutriListUITests.swift in Sources */ = {isa = PBXBuildFile; fileRef = C42C74242B4B077F004E0A2C /* NutriListUITests.swift */; };
		C42C74272B4B077F004E0A2C /* NutriListUITestsLaunchTests.swift in Sources */ = {isa = PBXBuildFile; fileRef = C42C74262B4B077F004E0A2C /* NutriListUITestsLaunchTests.swift */; };
		C42C74352B4B0B5D004E0A2C /* Auth in Frameworks */ = {isa = PBXBuildFile; productRef = C42C74342B4B0B5D004E0A2C /* Auth */; };
		C42C74372B4B0B5D004E0A2C /* Functions in Frameworks */ = {isa = PBXBuildFile; productRef = C42C74362B4B0B5D004E0A2C /* Functions */; };
		C42C74392B4B0B5D004E0A2C /* PostgREST in Frameworks */ = {isa = PBXBuildFile; productRef = C42C74382B4B0B5D004E0A2C /* PostgREST */; };
		C42C743B2B4B0B5D004E0A2C /* Realtime in Frameworks */ = {isa = PBXBuildFile; productRef = C42C743A2B4B0B5D004E0A2C /* Realtime */; };
		C42C743D2B4B0B5D004E0A2C /* Storage in Frameworks */ = {isa = PBXBuildFile; productRef = C42C743C2B4B0B5D004E0A2C /* Storage */; };
		C42C743F2B4B0B5D004E0A2C /* Supabase in Frameworks */ = {isa = PBXBuildFile; productRef = C42C743E2B4B0B5D004E0A2C /* Supabase */; };
		C42C744E2B4B0F14004E0A2C /* DatabaseManager.swift in Sources */ = {isa = PBXBuildFile; fileRef = C42C744D2B4B0F14004E0A2C /* DatabaseManager.swift */; };
		C42C74512B4B0F3E004E0A2C /* AuthManager.swift in Sources */ = {isa = PBXBuildFile; fileRef = C42C74502B4B0F3E004E0A2C /* AuthManager.swift */; };
		C42C74532B4B0F62004E0A2C /* SignInApple.swift in Sources */ = {isa = PBXBuildFile; fileRef = C42C74522B4B0F62004E0A2C /* SignInApple.swift */; };
		C42C74552B4B0FA2004E0A2C /* SignInView.swift in Sources */ = {isa = PBXBuildFile; fileRef = C42C74542B4B0FA2004E0A2C /* SignInView.swift */; };
		C42C74572B4B0FB3004E0A2C /* RegistrationView.swift in Sources */ = {isa = PBXBuildFile; fileRef = C42C74562B4B0FB3004E0A2C /* RegistrationView.swift */; };
		C42C74592B4B124F004E0A2C /* SignInViewModel.swift in Sources */ = {isa = PBXBuildFile; fileRef = C42C74582B4B124F004E0A2C /* SignInViewModel.swift */; };
		C42C745B2B4B129A004E0A2C /* ToDoModel.swift in Sources */ = {isa = PBXBuildFile; fileRef = C42C745A2B4B129A004E0A2C /* ToDoModel.swift */; };
		C42C745D2B4B12BF004E0A2C /* ToDoViewModel.swift in Sources */ = {isa = PBXBuildFile; fileRef = C42C745C2B4B12BF004E0A2C /* ToDoViewModel.swift */; };
		C42C745F2B4B12D8004E0A2C /* ToDoView.swift in Sources */ = {isa = PBXBuildFile; fileRef = C42C745E2B4B12D8004E0A2C /* ToDoView.swift */; };
		C42C74622B4B12ED004E0A2C /* ToDoItemView.swift in Sources */ = {isa = PBXBuildFile; fileRef = C42C74612B4B12ED004E0A2C /* ToDoItemView.swift */; };
		C42C74642B4B12FA004E0A2C /* CreateToDoView.swift in Sources */ = {isa = PBXBuildFile; fileRef = C42C74632B4B12FA004E0A2C /* CreateToDoView.swift */; };
		C42C74662B4B133A004E0A2C /* HomeView.swift in Sources */ = {isa = PBXBuildFile; fileRef = C42C74652B4B133A004E0A2C /* HomeView.swift */; };
		C446AD8C2B4E35470047F0C4 /* GroceryItemClassifier 1.mlmodel in Sources */ = {isa = PBXBuildFile; fileRef = C446AD8B2B4E35470047F0C4 /* GroceryItemClassifier 1.mlmodel */; };
		C4A9CEED2B4C8F4500047CDC /* CohereAPIManager.swift in Sources */ = {isa = PBXBuildFile; fileRef = C4A9CEEC2B4C8F4500047CDC /* CohereAPIManager.swift */; };
		C4A9CEF22B4C915B00047CDC /* AppButton.swift in Sources */ = {isa = PBXBuildFile; fileRef = C4A9CEF12B4C915B00047CDC /* AppButton.swift */; };
		C4A9CEF42B4C915F00047CDC /* AppSecureField.swift in Sources */ = {isa = PBXBuildFile; fileRef = C4A9CEF32B4C915F00047CDC /* AppSecureField.swift */; };
		C4A9CEF62B4C916200047CDC /* AppTextField.swift in Sources */ = {isa = PBXBuildFile; fileRef = C4A9CEF52B4C916200047CDC /* AppTextField.swift */; };
		C4A9CEF92B4C987A00047CDC /* AuthState.swift in Sources */ = {isa = PBXBuildFile; fileRef = C4A9CEF82B4C987A00047CDC /* AuthState.swift */; };
		C4B945B72B4F267400EDD42F /* AppIcon.swift in Sources */ = {isa = PBXBuildFile; fileRef = C4B945B62B4F267400EDD42F /* AppIcon.swift */; };
		C4B945BB2B4F27C800EDD42F /* AppTextFieldV2.swift in Sources */ = {isa = PBXBuildFile; fileRef = C4B945BA2B4F27C800EDD42F /* AppTextFieldV2.swift */; };
		C4B945BD2B4F290700EDD42F /* AppSecureFieldV2.swift in Sources */ = {isa = PBXBuildFile; fileRef = C4B945BC2B4F290700EDD42F /* AppSecureFieldV2.swift */; };
		C4B945BF2B4F2AC000EDD42F /* WelcomeText.swift in Sources */ = {isa = PBXBuildFile; fileRef = C4B945BE2B4F2AC000EDD42F /* WelcomeText.swift */; };
		C4B945C12B4F2BD500EDD42F /* Colour.xcassets in Resources */ = {isa = PBXBuildFile; fileRef = C4B945C02B4F2BD500EDD42F /* Colour.xcassets */; };
/* End PBXBuildFile section */

/* Begin PBXContainerItemProxy section */
		C42C74172B4B077F004E0A2C /* PBXContainerItemProxy */ = {
			isa = PBXContainerItemProxy;
			containerPortal = C42C73FE2B4B077C004E0A2C /* Project object */;
			proxyType = 1;
			remoteGlobalIDString = C42C74052B4B077C004E0A2C;
			remoteInfo = NutriList;
		};
		C42C74212B4B077F004E0A2C /* PBXContainerItemProxy */ = {
			isa = PBXContainerItemProxy;
			containerPortal = C42C73FE2B4B077C004E0A2C /* Project object */;
			proxyType = 1;
			remoteGlobalIDString = C42C74052B4B077C004E0A2C;
			remoteInfo = NutriList;
		};
/* End PBXContainerItemProxy section */

/* Begin PBXFileReference section */
		C412E8CF2B50403100CB7764 /* MockDatabaseManager.swift */ = {isa = PBXFileReference; lastKnownFileType = sourcecode.swift; path = MockDatabaseManager.swift; sourceTree = "<group>"; };
		C412E8D12B5040EA00CB7764 /* ToDoViewModelTests.swift */ = {isa = PBXFileReference; lastKnownFileType = sourcecode.swift; path = ToDoViewModelTests.swift; sourceTree = "<group>"; };
		C412E8D32B504A7600CB7764 /* Mockable.swift */ = {isa = PBXFileReference; lastKnownFileType = sourcecode.swift; path = Mockable.swift; sourceTree = "<group>"; };
		C412E8D52B504B0E00CB7764 /* Supabase.json */ = {isa = PBXFileReference; lastKnownFileType = text.json; path = Supabase.json; sourceTree = "<group>"; };
		C412E8D72B50577B00CB7764 /* NutriList.xctestplan */ = {isa = PBXFileReference; lastKnownFileType = text; path = NutriList.xctestplan; sourceTree = "<group>"; };
		C4149BD22B4BB0B500182109 /* SignOutView.swift */ = {isa = PBXFileReference; lastKnownFileType = sourcecode.swift; path = SignOutView.swift; sourceTree = "<group>"; };
		C42C74062B4B077C004E0A2C /* NutriList.app */ = {isa = PBXFileReference; explicitFileType = wrapper.application; includeInIndex = 0; path = NutriList.app; sourceTree = BUILT_PRODUCTS_DIR; };
		C42C74092B4B077C004E0A2C /* NutriListApp.swift */ = {isa = PBXFileReference; lastKnownFileType = sourcecode.swift; path = NutriListApp.swift; sourceTree = "<group>"; };
		C42C740B2B4B077C004E0A2C /* ContentView.swift */ = {isa = PBXFileReference; lastKnownFileType = sourcecode.swift; path = ContentView.swift; sourceTree = "<group>"; };
		C42C740D2B4B077E004E0A2C /* Assets.xcassets */ = {isa = PBXFileReference; lastKnownFileType = folder.assetcatalog; path = Assets.xcassets; sourceTree = "<group>"; };
		C42C74102B4B077E004E0A2C /* Preview Assets.xcassets */ = {isa = PBXFileReference; lastKnownFileType = folder.assetcatalog; path = "Preview Assets.xcassets"; sourceTree = "<group>"; };
		C42C74162B4B077F004E0A2C /* NutriListTests.xctest */ = {isa = PBXFileReference; explicitFileType = wrapper.cfbundle; includeInIndex = 0; path = NutriListTests.xctest; sourceTree = BUILT_PRODUCTS_DIR; };
		C42C74202B4B077F004E0A2C /* NutriListUITests.xctest */ = {isa = PBXFileReference; explicitFileType = wrapper.cfbundle; includeInIndex = 0; path = NutriListUITests.xctest; sourceTree = BUILT_PRODUCTS_DIR; };
		C42C74242B4B077F004E0A2C /* NutriListUITests.swift */ = {isa = PBXFileReference; lastKnownFileType = sourcecode.swift; path = NutriListUITests.swift; sourceTree = "<group>"; };
		C42C74262B4B077F004E0A2C /* NutriListUITestsLaunchTests.swift */ = {isa = PBXFileReference; lastKnownFileType = sourcecode.swift; path = NutriListUITestsLaunchTests.swift; sourceTree = "<group>"; };
		C42C744D2B4B0F14004E0A2C /* DatabaseManager.swift */ = {isa = PBXFileReference; lastKnownFileType = sourcecode.swift; path = DatabaseManager.swift; sourceTree = "<group>"; };
		C42C74502B4B0F3E004E0A2C /* AuthManager.swift */ = {isa = PBXFileReference; lastKnownFileType = sourcecode.swift; path = AuthManager.swift; sourceTree = "<group>"; };
		C42C74522B4B0F62004E0A2C /* SignInApple.swift */ = {isa = PBXFileReference; lastKnownFileType = sourcecode.swift; path = SignInApple.swift; sourceTree = "<group>"; };
		C42C74542B4B0FA2004E0A2C /* SignInView.swift */ = {isa = PBXFileReference; lastKnownFileType = sourcecode.swift; path = SignInView.swift; sourceTree = "<group>"; };
		C42C74562B4B0FB3004E0A2C /* RegistrationView.swift */ = {isa = PBXFileReference; lastKnownFileType = sourcecode.swift; path = RegistrationView.swift; sourceTree = "<group>"; };
		C42C74582B4B124F004E0A2C /* SignInViewModel.swift */ = {isa = PBXFileReference; lastKnownFileType = sourcecode.swift; path = SignInViewModel.swift; sourceTree = "<group>"; };
		C42C745A2B4B129A004E0A2C /* ToDoModel.swift */ = {isa = PBXFileReference; lastKnownFileType = sourcecode.swift; path = ToDoModel.swift; sourceTree = "<group>"; };
		C42C745C2B4B12BF004E0A2C /* ToDoViewModel.swift */ = {isa = PBXFileReference; lastKnownFileType = sourcecode.swift; path = ToDoViewModel.swift; sourceTree = "<group>"; };
		C42C745E2B4B12D8004E0A2C /* ToDoView.swift */ = {isa = PBXFileReference; lastKnownFileType = sourcecode.swift; path = ToDoView.swift; sourceTree = "<group>"; };
		C42C74612B4B12ED004E0A2C /* ToDoItemView.swift */ = {isa = PBXFileReference; lastKnownFileType = sourcecode.swift; path = ToDoItemView.swift; sourceTree = "<group>"; };
		C42C74632B4B12FA004E0A2C /* CreateToDoView.swift */ = {isa = PBXFileReference; lastKnownFileType = sourcecode.swift; path = CreateToDoView.swift; sourceTree = "<group>"; };
		C42C74652B4B133A004E0A2C /* HomeView.swift */ = {isa = PBXFileReference; lastKnownFileType = sourcecode.swift; path = HomeView.swift; sourceTree = "<group>"; };
		C42C74672B4B142A004E0A2C /* NutriList.entitlements */ = {isa = PBXFileReference; lastKnownFileType = text.plist.entitlements; path = NutriList.entitlements; sourceTree = "<group>"; };
		C42C746A2B4B2900004E0A2C /* Config.xcconfig */ = {isa = PBXFileReference; lastKnownFileType = text.xcconfig; path = Config.xcconfig; sourceTree = "<group>"; };
		C446AD8B2B4E35470047F0C4 /* GroceryItemClassifier 1.mlmodel */ = {isa = PBXFileReference; lastKnownFileType = file.mlmodel; path = "GroceryItemClassifier 1.mlmodel"; sourceTree = "<group>"; };
		C4A9CEEC2B4C8F4500047CDC /* CohereAPIManager.swift */ = {isa = PBXFileReference; lastKnownFileType = sourcecode.swift; path = CohereAPIManager.swift; sourceTree = "<group>"; };
		C4A9CEF12B4C915B00047CDC /* AppButton.swift */ = {isa = PBXFileReference; lastKnownFileType = sourcecode.swift; path = AppButton.swift; sourceTree = "<group>"; };
		C4A9CEF32B4C915F00047CDC /* AppSecureField.swift */ = {isa = PBXFileReference; lastKnownFileType = sourcecode.swift; path = AppSecureField.swift; sourceTree = "<group>"; };
		C4A9CEF52B4C916200047CDC /* AppTextField.swift */ = {isa = PBXFileReference; lastKnownFileType = sourcecode.swift; path = AppTextField.swift; sourceTree = "<group>"; };
		C4A9CEF82B4C987A00047CDC /* AuthState.swift */ = {isa = PBXFileReference; lastKnownFileType = sourcecode.swift; path = AuthState.swift; sourceTree = "<group>"; };
		C4B945B62B4F267400EDD42F /* AppIcon.swift */ = {isa = PBXFileReference; lastKnownFileType = sourcecode.swift; path = AppIcon.swift; sourceTree = "<group>"; };
		C4B945BA2B4F27C800EDD42F /* AppTextFieldV2.swift */ = {isa = PBXFileReference; lastKnownFileType = sourcecode.swift; path = AppTextFieldV2.swift; sourceTree = "<group>"; };
		C4B945BC2B4F290700EDD42F /* AppSecureFieldV2.swift */ = {isa = PBXFileReference; lastKnownFileType = sourcecode.swift; path = AppSecureFieldV2.swift; sourceTree = "<group>"; };
		C4B945BE2B4F2AC000EDD42F /* WelcomeText.swift */ = {isa = PBXFileReference; lastKnownFileType = sourcecode.swift; path = WelcomeText.swift; sourceTree = "<group>"; };
		C4B945C02B4F2BD500EDD42F /* Colour.xcassets */ = {isa = PBXFileReference; lastKnownFileType = folder.assetcatalog; path = Colour.xcassets; sourceTree = "<group>"; };
/* End PBXFileReference section */

/* Begin PBXFrameworksBuildPhase section */
		C42C74032B4B077C004E0A2C /* Frameworks */ = {
			isa = PBXFrameworksBuildPhase;
			buildActionMask = 2147483647;
			files = (
				C42C74392B4B0B5D004E0A2C /* PostgREST in Frameworks */,
				C42C74372B4B0B5D004E0A2C /* Functions in Frameworks */,
				C42C743F2B4B0B5D004E0A2C /* Supabase in Frameworks */,
				C42C74352B4B0B5D004E0A2C /* Auth in Frameworks */,
				C42C743D2B4B0B5D004E0A2C /* Storage in Frameworks */,
				C42C743B2B4B0B5D004E0A2C /* Realtime in Frameworks */,
			);
			runOnlyForDeploymentPostprocessing = 0;
		};
		C42C74132B4B077F004E0A2C /* Frameworks */ = {
			isa = PBXFrameworksBuildPhase;
			buildActionMask = 2147483647;
			files = (
			);
			runOnlyForDeploymentPostprocessing = 0;
		};
		C42C741D2B4B077F004E0A2C /* Frameworks */ = {
			isa = PBXFrameworksBuildPhase;
			buildActionMask = 2147483647;
			files = (
			);
			runOnlyForDeploymentPostprocessing = 0;
		};
/* End PBXFrameworksBuildPhase section */

/* Begin PBXGroup section */
		C42C73FD2B4B077C004E0A2C = {
			isa = PBXGroup;
			children = (
				C412E8D72B50577B00CB7764 /* NutriList.xctestplan */,
				C42C746A2B4B2900004E0A2C /* Config.xcconfig */,
				C42C74082B4B077C004E0A2C /* NutriList */,
				C42C74192B4B077F004E0A2C /* NutriListTests */,
				C42C74232B4B077F004E0A2C /* NutriListUITests */,
				C42C74072B4B077C004E0A2C /* Products */,
			);
			sourceTree = "<group>";
		};
		C42C74072B4B077C004E0A2C /* Products */ = {
			isa = PBXGroup;
			children = (
				C42C74062B4B077C004E0A2C /* NutriList.app */,
				C42C74162B4B077F004E0A2C /* NutriListTests.xctest */,
				C42C74202B4B077F004E0A2C /* NutriListUITests.xctest */,
			);
			name = Products;
			sourceTree = "<group>";
		};
		C42C74082B4B077C004E0A2C /* NutriList */ = {
			isa = PBXGroup;
			children = (
				C4A9CEEE2B4C8F4A00047CDC /* Services */,
				C42C74672B4B142A004E0A2C /* NutriList.entitlements */,
				C42C74452B4B0D7D004E0A2C /* Font */,
				C42C74432B4B0CD1004E0A2C /* Models */,
				C42C74422B4B0CC4004E0A2C /* ViewModel */,
				C42C74412B4B0C8D004E0A2C /* View */,
				C42C74092B4B077C004E0A2C /* NutriListApp.swift */,
				C42C740D2B4B077E004E0A2C /* Assets.xcassets */,
				C4B945C02B4F2BD500EDD42F /* Colour.xcassets */,
				C42C740F2B4B077E004E0A2C /* Preview Content */,
			);
			path = NutriList;
			sourceTree = "<group>";
		};
		C42C740F2B4B077E004E0A2C /* Preview Content */ = {
			isa = PBXGroup;
			children = (
				C42C74102B4B077E004E0A2C /* Preview Assets.xcassets */,
			);
			path = "Preview Content";
			sourceTree = "<group>";
		};
		C42C74192B4B077F004E0A2C /* NutriListTests */ = {
			isa = PBXGroup;
			children = (
				C412E8CF2B50403100CB7764 /* MockDatabaseManager.swift */,
				C412E8D12B5040EA00CB7764 /* ToDoViewModelTests.swift */,
				C412E8D32B504A7600CB7764 /* Mockable.swift */,
				C412E8D52B504B0E00CB7764 /* Supabase.json */,
			);
			path = NutriListTests;
			sourceTree = "<group>";
		};
		C42C74232B4B077F004E0A2C /* NutriListUITests */ = {
			isa = PBXGroup;
			children = (
				C42C74242B4B077F004E0A2C /* NutriListUITests.swift */,
				C42C74262B4B077F004E0A2C /* NutriListUITestsLaunchTests.swift */,
			);
			path = NutriListUITests;
			sourceTree = "<group>";
		};
		C42C74412B4B0C8D004E0A2C /* View */ = {
			isa = PBXGroup;
			children = (
				C4A9CEF72B4C917B00047CDC /* UIComponents */,
				C42C740B2B4B077C004E0A2C /* ContentView.swift */,
				C42C74542B4B0FA2004E0A2C /* SignInView.swift */,
				C42C74562B4B0FB3004E0A2C /* RegistrationView.swift */,
				C42C745E2B4B12D8004E0A2C /* ToDoView.swift */,
				C42C74612B4B12ED004E0A2C /* ToDoItemView.swift */,
				C42C74632B4B12FA004E0A2C /* CreateToDoView.swift */,
				C42C74652B4B133A004E0A2C /* HomeView.swift */,
				C4149BD22B4BB0B500182109 /* SignOutView.swift */,
			);
			path = View;
			sourceTree = "<group>";
		};
		C42C74422B4B0CC4004E0A2C /* ViewModel */ = {
			isa = PBXGroup;
			children = (
				C42C74582B4B124F004E0A2C /* SignInViewModel.swift */,
				C42C745C2B4B12BF004E0A2C /* ToDoViewModel.swift */,
			);
			path = ViewModel;
			sourceTree = "<group>";
		};
		C42C74432B4B0CD1004E0A2C /* Models */ = {
			isa = PBXGroup;
			children = (
				C446AD8B2B4E35470047F0C4 /* GroceryItemClassifier 1.mlmodel */,
				C42C745A2B4B129A004E0A2C /* ToDoModel.swift */,
			);
			path = Models;
			sourceTree = "<group>";
		};
		C42C74442B4B0CD9004E0A2C /* Supabase */ = {
			isa = PBXGroup;
			children = (
				C42C744F2B4B0F2C004E0A2C /* Auth */,
				C42C744D2B4B0F14004E0A2C /* DatabaseManager.swift */,
			);
			path = Supabase;
			sourceTree = "<group>";
		};
		C42C74452B4B0D7D004E0A2C /* Font */ = {
			isa = PBXGroup;
			children = (
			);
			path = Font;
			sourceTree = "<group>";
		};
		C42C744F2B4B0F2C004E0A2C /* Auth */ = {
			isa = PBXGroup;
			children = (
				C42C74502B4B0F3E004E0A2C /* AuthManager.swift */,
				C42C74522B4B0F62004E0A2C /* SignInApple.swift */,
				C4A9CEF82B4C987A00047CDC /* AuthState.swift */,
			);
			path = Auth;
			sourceTree = "<group>";
		};
		C4A9CEEE2B4C8F4A00047CDC /* Services */ = {
			isa = PBXGroup;
			children = (
				C4A9CEEC2B4C8F4500047CDC /* CohereAPIManager.swift */,
				C42C74442B4B0CD9004E0A2C /* Supabase */,
			);
			path = Services;
			sourceTree = "<group>";
		};
		C4A9CEF72B4C917B00047CDC /* UIComponents */ = {
			isa = PBXGroup;
			children = (
				C4A9CEF12B4C915B00047CDC /* AppButton.swift */,
				C4A9CEF32B4C915F00047CDC /* AppSecureField.swift */,
				C4A9CEF52B4C916200047CDC /* AppTextField.swift */,
				C4B945B62B4F267400EDD42F /* AppIcon.swift */,
				C4B945BA2B4F27C800EDD42F /* AppTextFieldV2.swift */,
				C4B945BC2B4F290700EDD42F /* AppSecureFieldV2.swift */,
				C4B945BE2B4F2AC000EDD42F /* WelcomeText.swift */,
			);
			path = UIComponents;
			sourceTree = "<group>";
		};
/* End PBXGroup section */

/* Begin PBXNativeTarget section */
		C42C74052B4B077C004E0A2C /* NutriList */ = {
			isa = PBXNativeTarget;
			buildConfigurationList = C42C742A2B4B077F004E0A2C /* Build configuration list for PBXNativeTarget "NutriList" */;
			buildPhases = (
				C42C74022B4B077C004E0A2C /* Sources */,
				C42C74032B4B077C004E0A2C /* Frameworks */,
				C42C74042B4B077C004E0A2C /* Resources */,
			);
			buildRules = (
			);
			dependencies = (
			);
			name = NutriList;
			packageProductDependencies = (
				C42C74342B4B0B5D004E0A2C /* Auth */,
				C42C74362B4B0B5D004E0A2C /* Functions */,
				C42C74382B4B0B5D004E0A2C /* PostgREST */,
				C42C743A2B4B0B5D004E0A2C /* Realtime */,
				C42C743C2B4B0B5D004E0A2C /* Storage */,
				C42C743E2B4B0B5D004E0A2C /* Supabase */,
			);
			productName = NutriList;
			productReference = C42C74062B4B077C004E0A2C /* NutriList.app */;
			productType = "com.apple.product-type.application";
		};
		C42C74152B4B077F004E0A2C /* NutriListTests */ = {
			isa = PBXNativeTarget;
			buildConfigurationList = C42C742D2B4B077F004E0A2C /* Build configuration list for PBXNativeTarget "NutriListTests" */;
			buildPhases = (
				C42C74122B4B077F004E0A2C /* Sources */,
				C42C74132B4B077F004E0A2C /* Frameworks */,
				C42C74142B4B077F004E0A2C /* Resources */,
			);
			buildRules = (
			);
			dependencies = (
				C42C74182B4B077F004E0A2C /* PBXTargetDependency */,
			);
			name = NutriListTests;
			productName = NutriListTests;
			productReference = C42C74162B4B077F004E0A2C /* NutriListTests.xctest */;
			productType = "com.apple.product-type.bundle.unit-test";
		};
		C42C741F2B4B077F004E0A2C /* NutriListUITests */ = {
			isa = PBXNativeTarget;
			buildConfigurationList = C42C74302B4B077F004E0A2C /* Build configuration list for PBXNativeTarget "NutriListUITests" */;
			buildPhases = (
				C42C741C2B4B077F004E0A2C /* Sources */,
				C42C741D2B4B077F004E0A2C /* Frameworks */,
				C42C741E2B4B077F004E0A2C /* Resources */,
			);
			buildRules = (
			);
			dependencies = (
				C42C74222B4B077F004E0A2C /* PBXTargetDependency */,
			);
			name = NutriListUITests;
			productName = NutriListUITests;
			productReference = C42C74202B4B077F004E0A2C /* NutriListUITests.xctest */;
			productType = "com.apple.product-type.bundle.ui-testing";
		};
/* End PBXNativeTarget section */

/* Begin PBXProject section */
		C42C73FE2B4B077C004E0A2C /* Project object */ = {
			isa = PBXProject;
			attributes = {
				BuildIndependentTargetsInParallel = 1;
				LastSwiftUpdateCheck = 1510;
				LastUpgradeCheck = 1510;
				TargetAttributes = {
					C42C74052B4B077C004E0A2C = {
						CreatedOnToolsVersion = 15.1;
					};
					C42C74152B4B077F004E0A2C = {
						CreatedOnToolsVersion = 15.1;
						TestTargetID = C42C74052B4B077C004E0A2C;
					};
					C42C741F2B4B077F004E0A2C = {
						CreatedOnToolsVersion = 15.1;
						TestTargetID = C42C74052B4B077C004E0A2C;
					};
				};
			};
			buildConfigurationList = C42C74012B4B077C004E0A2C /* Build configuration list for PBXProject "NutriList" */;
			compatibilityVersion = "Xcode 14.0";
			developmentRegion = en;
			hasScannedForEncodings = 0;
			knownRegions = (
				en,
				Base,
			);
			mainGroup = C42C73FD2B4B077C004E0A2C;
			packageReferences = (
				C42C74332B4B0B5D004E0A2C /* XCRemoteSwiftPackageReference "supabase-swift" */,
			);
			productRefGroup = C42C74072B4B077C004E0A2C /* Products */;
			projectDirPath = "";
			projectRoot = "";
			targets = (
				C42C74052B4B077C004E0A2C /* NutriList */,
				C42C74152B4B077F004E0A2C /* NutriListTests */,
				C42C741F2B4B077F004E0A2C /* NutriListUITests */,
			);
		};
/* End PBXProject section */

/* Begin PBXResourcesBuildPhase section */
		C42C74042B4B077C004E0A2C /* Resources */ = {
			isa = PBXResourcesBuildPhase;
			buildActionMask = 2147483647;
			files = (
				C42C74112B4B077E004E0A2C /* Preview Assets.xcassets in Resources */,
				C4B945C12B4F2BD500EDD42F /* Colour.xcassets in Resources */,
				C42C740E2B4B077E004E0A2C /* Assets.xcassets in Resources */,
			);
			runOnlyForDeploymentPostprocessing = 0;
		};
		C42C74142B4B077F004E0A2C /* Resources */ = {
			isa = PBXResourcesBuildPhase;
			buildActionMask = 2147483647;
			files = (
				C412E8D62B504B0E00CB7764 /* Supabase.json in Resources */,
			);
			runOnlyForDeploymentPostprocessing = 0;
		};
		C42C741E2B4B077F004E0A2C /* Resources */ = {
			isa = PBXResourcesBuildPhase;
			buildActionMask = 2147483647;
			files = (
			);
			runOnlyForDeploymentPostprocessing = 0;
		};
/* End PBXResourcesBuildPhase section */

/* Begin PBXSourcesBuildPhase section */
		C42C74022B4B077C004E0A2C /* Sources */ = {
			isa = PBXSourcesBuildPhase;
			buildActionMask = 2147483647;
			files = (
				C4A9CEF42B4C915F00047CDC /* AppSecureField.swift in Sources */,
				C446AD8C2B4E35470047F0C4 /* GroceryItemClassifier 1.mlmodel in Sources */,
				C42C74552B4B0FA2004E0A2C /* SignInView.swift in Sources */,
				C42C740C2B4B077C004E0A2C /* ContentView.swift in Sources */,
				C42C74512B4B0F3E004E0A2C /* AuthManager.swift in Sources */,
				C4A9CEF22B4C915B00047CDC /* AppButton.swift in Sources */,
				C42C740A2B4B077C004E0A2C /* NutriListApp.swift in Sources */,
				C4B945BD2B4F290700EDD42F /* AppSecureFieldV2.swift in Sources */,
				C42C74642B4B12FA004E0A2C /* CreateToDoView.swift in Sources */,
				C4B945BF2B4F2AC000EDD42F /* WelcomeText.swift in Sources */,
				C42C74662B4B133A004E0A2C /* HomeView.swift in Sources */,
				C4B945BB2B4F27C800EDD42F /* AppTextFieldV2.swift in Sources */,
				C42C745F2B4B12D8004E0A2C /* ToDoView.swift in Sources */,
				C4B945B72B4F267400EDD42F /* AppIcon.swift in Sources */,
				C42C744E2B4B0F14004E0A2C /* DatabaseManager.swift in Sources */,
				C4149BD32B4BB0B500182109 /* SignOutView.swift in Sources */,
				C42C745B2B4B129A004E0A2C /* ToDoModel.swift in Sources */,
				C42C74622B4B12ED004E0A2C /* ToDoItemView.swift in Sources */,
				C42C74532B4B0F62004E0A2C /* SignInApple.swift in Sources */,
				C4A9CEED2B4C8F4500047CDC /* CohereAPIManager.swift in Sources */,
				C42C745D2B4B12BF004E0A2C /* ToDoViewModel.swift in Sources */,
				C42C74592B4B124F004E0A2C /* SignInViewModel.swift in Sources */,
				C4A9CEF92B4C987A00047CDC /* AuthState.swift in Sources */,
				C42C74572B4B0FB3004E0A2C /* RegistrationView.swift in Sources */,
				C4A9CEF62B4C916200047CDC /* AppTextField.swift in Sources */,
			);
			runOnlyForDeploymentPostprocessing = 0;
		};
		C42C74122B4B077F004E0A2C /* Sources */ = {
			isa = PBXSourcesBuildPhase;
			buildActionMask = 2147483647;
			files = (
				C412E8D02B50403100CB7764 /* MockDatabaseManager.swift in Sources */,
				C412E8D42B504A7600CB7764 /* Mockable.swift in Sources */,
				C412E8D22B5040EA00CB7764 /* ToDoViewModelTests.swift in Sources */,
			);
			runOnlyForDeploymentPostprocessing = 0;
		};
		C42C741C2B4B077F004E0A2C /* Sources */ = {
			isa = PBXSourcesBuildPhase;
			buildActionMask = 2147483647;
			files = (
				C42C74252B4B077F004E0A2C /* NutriListUITests.swift in Sources */,
				C42C74272B4B077F004E0A2C /* NutriListUITestsLaunchTests.swift in Sources */,
			);
			runOnlyForDeploymentPostprocessing = 0;
		};
/* End PBXSourcesBuildPhase section */

/* Begin PBXTargetDependency section */
		C42C74182B4B077F004E0A2C /* PBXTargetDependency */ = {
			isa = PBXTargetDependency;
			target = C42C74052B4B077C004E0A2C /* NutriList */;
			targetProxy = C42C74172B4B077F004E0A2C /* PBXContainerItemProxy */;
		};
		C42C74222B4B077F004E0A2C /* PBXTargetDependency */ = {
			isa = PBXTargetDependency;
			target = C42C74052B4B077C004E0A2C /* NutriList */;
			targetProxy = C42C74212B4B077F004E0A2C /* PBXContainerItemProxy */;
		};
/* End PBXTargetDependency section */

/* Begin XCBuildConfiguration section */
		C42C74282B4B077F004E0A2C /* Debug */ = {
			isa = XCBuildConfiguration;
			buildSettings = {
				ALWAYS_SEARCH_USER_PATHS = NO;
				ASSETCATALOG_COMPILER_GENERATE_SWIFT_ASSET_SYMBOL_EXTENSIONS = YES;
				CLANG_ANALYZER_NONNULL = YES;
				CLANG_ANALYZER_NUMBER_OBJECT_CONVERSION = YES_AGGRESSIVE;
				CLANG_CXX_LANGUAGE_STANDARD = "gnu++20";
				CLANG_ENABLE_MODULES = YES;
				CLANG_ENABLE_OBJC_ARC = YES;
				CLANG_ENABLE_OBJC_WEAK = YES;
				CLANG_WARN_BLOCK_CAPTURE_AUTORELEASING = YES;
				CLANG_WARN_BOOL_CONVERSION = YES;
				CLANG_WARN_COMMA = YES;
				CLANG_WARN_CONSTANT_CONVERSION = YES;
				CLANG_WARN_DEPRECATED_OBJC_IMPLEMENTATIONS = YES;
				CLANG_WARN_DIRECT_OBJC_ISA_USAGE = YES_ERROR;
				CLANG_WARN_DOCUMENTATION_COMMENTS = YES;
				CLANG_WARN_EMPTY_BODY = YES;
				CLANG_WARN_ENUM_CONVERSION = YES;
				CLANG_WARN_INFINITE_RECURSION = YES;
				CLANG_WARN_INT_CONVERSION = YES;
				CLANG_WARN_NON_LITERAL_NULL_CONVERSION = YES;
				CLANG_WARN_OBJC_IMPLICIT_RETAIN_SELF = YES;
				CLANG_WARN_OBJC_LITERAL_CONVERSION = YES;
				CLANG_WARN_OBJC_ROOT_CLASS = YES_ERROR;
				CLANG_WARN_QUOTED_INCLUDE_IN_FRAMEWORK_HEADER = YES;
				CLANG_WARN_RANGE_LOOP_ANALYSIS = YES;
				CLANG_WARN_STRICT_PROTOTYPES = YES;
				CLANG_WARN_SUSPICIOUS_MOVE = YES;
				CLANG_WARN_UNGUARDED_AVAILABILITY = YES_AGGRESSIVE;
				CLANG_WARN_UNREACHABLE_CODE = YES;
				CLANG_WARN__DUPLICATE_METHOD_MATCH = YES;
				COPY_PHASE_STRIP = NO;
				DEBUG_INFORMATION_FORMAT = dwarf;
				ENABLE_STRICT_OBJC_MSGSEND = YES;
				ENABLE_TESTABILITY = YES;
				ENABLE_USER_SCRIPT_SANDBOXING = YES;
				GCC_C_LANGUAGE_STANDARD = gnu17;
				GCC_DYNAMIC_NO_PIC = NO;
				GCC_NO_COMMON_BLOCKS = YES;
				GCC_OPTIMIZATION_LEVEL = 0;
				GCC_PREPROCESSOR_DEFINITIONS = (
					"DEBUG=1",
					"$(inherited)",
				);
				GCC_WARN_64_TO_32_BIT_CONVERSION = YES;
				GCC_WARN_ABOUT_RETURN_TYPE = YES_ERROR;
				GCC_WARN_UNDECLARED_SELECTOR = YES;
				GCC_WARN_UNINITIALIZED_AUTOS = YES_AGGRESSIVE;
				GCC_WARN_UNUSED_FUNCTION = YES;
				GCC_WARN_UNUSED_VARIABLE = YES;
				IPHONEOS_DEPLOYMENT_TARGET = 17.2;
				LOCALIZATION_PREFERS_STRING_CATALOGS = YES;
				MTL_ENABLE_DEBUG_INFO = INCLUDE_SOURCE;
				MTL_FAST_MATH = YES;
				ONLY_ACTIVE_ARCH = YES;
				SDKROOT = iphoneos;
				SWIFT_ACTIVE_COMPILATION_CONDITIONS = "DEBUG $(inherited)";
				SWIFT_OPTIMIZATION_LEVEL = "-Onone";
			};
			name = Debug;
		};
		C42C74292B4B077F004E0A2C /* Release */ = {
			isa = XCBuildConfiguration;
			buildSettings = {
				ALWAYS_SEARCH_USER_PATHS = NO;
				ASSETCATALOG_COMPILER_GENERATE_SWIFT_ASSET_SYMBOL_EXTENSIONS = YES;
				CLANG_ANALYZER_NONNULL = YES;
				CLANG_ANALYZER_NUMBER_OBJECT_CONVERSION = YES_AGGRESSIVE;
				CLANG_CXX_LANGUAGE_STANDARD = "gnu++20";
				CLANG_ENABLE_MODULES = YES;
				CLANG_ENABLE_OBJC_ARC = YES;
				CLANG_ENABLE_OBJC_WEAK = YES;
				CLANG_WARN_BLOCK_CAPTURE_AUTORELEASING = YES;
				CLANG_WARN_BOOL_CONVERSION = YES;
				CLANG_WARN_COMMA = YES;
				CLANG_WARN_CONSTANT_CONVERSION = YES;
				CLANG_WARN_DEPRECATED_OBJC_IMPLEMENTATIONS = YES;
				CLANG_WARN_DIRECT_OBJC_ISA_USAGE = YES_ERROR;
				CLANG_WARN_DOCUMENTATION_COMMENTS = YES;
				CLANG_WARN_EMPTY_BODY = YES;
				CLANG_WARN_ENUM_CONVERSION = YES;
				CLANG_WARN_INFINITE_RECURSION = YES;
				CLANG_WARN_INT_CONVERSION = YES;
				CLANG_WARN_NON_LITERAL_NULL_CONVERSION = YES;
				CLANG_WARN_OBJC_IMPLICIT_RETAIN_SELF = YES;
				CLANG_WARN_OBJC_LITERAL_CONVERSION = YES;
				CLANG_WARN_OBJC_ROOT_CLASS = YES_ERROR;
				CLANG_WARN_QUOTED_INCLUDE_IN_FRAMEWORK_HEADER = YES;
				CLANG_WARN_RANGE_LOOP_ANALYSIS = YES;
				CLANG_WARN_STRICT_PROTOTYPES = YES;
				CLANG_WARN_SUSPICIOUS_MOVE = YES;
				CLANG_WARN_UNGUARDED_AVAILABILITY = YES_AGGRESSIVE;
				CLANG_WARN_UNREACHABLE_CODE = YES;
				CLANG_WARN__DUPLICATE_METHOD_MATCH = YES;
				COPY_PHASE_STRIP = NO;
				DEBUG_INFORMATION_FORMAT = "dwarf-with-dsym";
				ENABLE_NS_ASSERTIONS = NO;
				ENABLE_STRICT_OBJC_MSGSEND = YES;
				ENABLE_USER_SCRIPT_SANDBOXING = YES;
				GCC_C_LANGUAGE_STANDARD = gnu17;
				GCC_NO_COMMON_BLOCKS = YES;
				GCC_WARN_64_TO_32_BIT_CONVERSION = YES;
				GCC_WARN_ABOUT_RETURN_TYPE = YES_ERROR;
				GCC_WARN_UNDECLARED_SELECTOR = YES;
				GCC_WARN_UNINITIALIZED_AUTOS = YES_AGGRESSIVE;
				GCC_WARN_UNUSED_FUNCTION = YES;
				GCC_WARN_UNUSED_VARIABLE = YES;
				IPHONEOS_DEPLOYMENT_TARGET = 17.2;
				LOCALIZATION_PREFERS_STRING_CATALOGS = YES;
				MTL_ENABLE_DEBUG_INFO = NO;
				MTL_FAST_MATH = YES;
				SDKROOT = iphoneos;
				SWIFT_COMPILATION_MODE = wholemodule;
				VALIDATE_PRODUCT = YES;
			};
			name = Release;
		};
		C42C742B2B4B077F004E0A2C /* Debug */ = {
			isa = XCBuildConfiguration;
			buildSettings = {
				ASSETCATALOG_COMPILER_APPICON_NAME = AppIcon;
				ASSETCATALOG_COMPILER_GLOBAL_ACCENT_COLOR_NAME = AccentColor;
				CODE_SIGN_ENTITLEMENTS = NutriList/NutriList.entitlements;
				CODE_SIGN_STYLE = Automatic;
				CURRENT_PROJECT_VERSION = 1;
				DEVELOPMENT_ASSET_PATHS = "\"NutriList/Preview Content\"";
				DEVELOPMENT_TEAM = MR3H259R5X;
				ENABLE_PREVIEWS = YES;
				GENERATE_INFOPLIST_FILE = YES;
				INFOPLIST_KEY_UIApplicationSceneManifest_Generation = YES;
				INFOPLIST_KEY_UIApplicationSupportsIndirectInputEvents = YES;
				INFOPLIST_KEY_UILaunchScreen_Generation = YES;
				INFOPLIST_KEY_UISupportedInterfaceOrientations_iPad = "UIInterfaceOrientationPortrait UIInterfaceOrientationPortraitUpsideDown UIInterfaceOrientationLandscapeLeft UIInterfaceOrientationLandscapeRight";
				INFOPLIST_KEY_UISupportedInterfaceOrientations_iPhone = "UIInterfaceOrientationPortrait UIInterfaceOrientationLandscapeLeft UIInterfaceOrientationLandscapeRight";
				LD_RUNPATH_SEARCH_PATHS = (
					"$(inherited)",
					"@executable_path/Frameworks",
				);
				MARKETING_VERSION = 1.1;
				PRODUCT_BUNDLE_IDENTIFIER = com.jerryzjx.NutriList;
				PRODUCT_NAME = "$(TARGET_NAME)";
				SWIFT_EMIT_LOC_STRINGS = YES;
				SWIFT_VERSION = 5.0;
				TARGETED_DEVICE_FAMILY = "1,2";
			};
			name = Debug;
		};
		C42C742C2B4B077F004E0A2C /* Release */ = {
			isa = XCBuildConfiguration;
			buildSettings = {
				ASSETCATALOG_COMPILER_APPICON_NAME = AppIcon;
				ASSETCATALOG_COMPILER_GLOBAL_ACCENT_COLOR_NAME = AccentColor;
				CODE_SIGN_ENTITLEMENTS = NutriList/NutriList.entitlements;
				CODE_SIGN_STYLE = Automatic;
				CURRENT_PROJECT_VERSION = 1;
				DEVELOPMENT_ASSET_PATHS = "\"NutriList/Preview Content\"";
				DEVELOPMENT_TEAM = MR3H259R5X;
				ENABLE_PREVIEWS = YES;
				GENERATE_INFOPLIST_FILE = YES;
				INFOPLIST_KEY_UIApplicationSceneManifest_Generation = YES;
				INFOPLIST_KEY_UIApplicationSupportsIndirectInputEvents = YES;
				INFOPLIST_KEY_UILaunchScreen_Generation = YES;
				INFOPLIST_KEY_UISupportedInterfaceOrientations_iPad = "UIInterfaceOrientationPortrait UIInterfaceOrientationPortraitUpsideDown UIInterfaceOrientationLandscapeLeft UIInterfaceOrientationLandscapeRight";
				INFOPLIST_KEY_UISupportedInterfaceOrientations_iPhone = "UIInterfaceOrientationPortrait UIInterfaceOrientationLandscapeLeft UIInterfaceOrientationLandscapeRight";
				LD_RUNPATH_SEARCH_PATHS = (
					"$(inherited)",
					"@executable_path/Frameworks",
				);
				MARKETING_VERSION = 1.1;
				PRODUCT_BUNDLE_IDENTIFIER = com.jerryzjx.NutriList;
				PRODUCT_NAME = "$(TARGET_NAME)";
				SWIFT_EMIT_LOC_STRINGS = YES;
				SWIFT_VERSION = 5.0;
				TARGETED_DEVICE_FAMILY = "1,2";
			};
			name = Release;
		};
		C42C742E2B4B077F004E0A2C /* Debug */ = {
			isa = XCBuildConfiguration;
			buildSettings = {
				ALWAYS_EMBED_SWIFT_STANDARD_LIBRARIES = YES;
				BUNDLE_LOADER = "$(TEST_HOST)";
				CODE_SIGN_STYLE = Automatic;
				CURRENT_PROJECT_VERSION = 1;
				DEVELOPMENT_TEAM = MR3H259R5X;
				GENERATE_INFOPLIST_FILE = YES;
				IPHONEOS_DEPLOYMENT_TARGET = 17.2;
				MARKETING_VERSION = 1.0;
				PRODUCT_BUNDLE_IDENTIFIER = com.jerryzjx.NutriListTests;
				PRODUCT_NAME = "$(TARGET_NAME)";
				SWIFT_EMIT_LOC_STRINGS = NO;
				SWIFT_VERSION = 5.0;
				TARGETED_DEVICE_FAMILY = "1,2";
				TEST_HOST = "$(BUILT_PRODUCTS_DIR)/NutriList.app/$(BUNDLE_EXECUTABLE_FOLDER_PATH)/NutriList";
			};
			name = Debug;
		};
		C42C742F2B4B077F004E0A2C /* Release */ = {
			isa = XCBuildConfiguration;
			buildSettings = {
				ALWAYS_EMBED_SWIFT_STANDARD_LIBRARIES = YES;
				BUNDLE_LOADER = "$(TEST_HOST)";
				CODE_SIGN_STYLE = Automatic;
				CURRENT_PROJECT_VERSION = 1;
				DEVELOPMENT_TEAM = MR3H259R5X;
				GENERATE_INFOPLIST_FILE = YES;
				IPHONEOS_DEPLOYMENT_TARGET = 17.2;
				MARKETING_VERSION = 1.0;
				PRODUCT_BUNDLE_IDENTIFIER = com.jerryzjx.NutriListTests;
				PRODUCT_NAME = "$(TARGET_NAME)";
				SWIFT_EMIT_LOC_STRINGS = NO;
				SWIFT_VERSION = 5.0;
				TARGETED_DEVICE_FAMILY = "1,2";
				TEST_HOST = "$(BUILT_PRODUCTS_DIR)/NutriList.app/$(BUNDLE_EXECUTABLE_FOLDER_PATH)/NutriList";
			};
			name = Release;
		};
		C42C74312B4B077F004E0A2C /* Debug */ = {
			isa = XCBuildConfiguration;
			buildSettings = {
				ALWAYS_EMBED_SWIFT_STANDARD_LIBRARIES = YES;
				CODE_SIGN_STYLE = Automatic;
				CURRENT_PROJECT_VERSION = 1;
				DEVELOPMENT_TEAM = MR3H259R5X;
				GENERATE_INFOPLIST_FILE = YES;
				MARKETING_VERSION = 1.0;
				PRODUCT_BUNDLE_IDENTIFIER = com.jerryzjx.NutriListUITests;
				PRODUCT_NAME = "$(TARGET_NAME)";
				SWIFT_EMIT_LOC_STRINGS = NO;
				SWIFT_VERSION = 5.0;
				TARGETED_DEVICE_FAMILY = "1,2";
				TEST_TARGET_NAME = NutriList;
			};
			name = Debug;
		};
		C42C74322B4B077F004E0A2C /* Release */ = {
			isa = XCBuildConfiguration;
			buildSettings = {
				ALWAYS_EMBED_SWIFT_STANDARD_LIBRARIES = YES;
				CODE_SIGN_STYLE = Automatic;
				CURRENT_PROJECT_VERSION = 1;
				DEVELOPMENT_TEAM = MR3H259R5X;
				GENERATE_INFOPLIST_FILE = YES;
				MARKETING_VERSION = 1.0;
				PRODUCT_BUNDLE_IDENTIFIER = com.jerryzjx.NutriListUITests;
				PRODUCT_NAME = "$(TARGET_NAME)";
				SWIFT_EMIT_LOC_STRINGS = NO;
				SWIFT_VERSION = 5.0;
				TARGETED_DEVICE_FAMILY = "1,2";
				TEST_TARGET_NAME = NutriList;
			};
			name = Release;
		};
/* End XCBuildConfiguration section */

/* Begin XCConfigurationList section */
		C42C74012B4B077C004E0A2C /* Build configuration list for PBXProject "NutriList" */ = {
			isa = XCConfigurationList;
			buildConfigurations = (
				C42C74282B4B077F004E0A2C /* Debug */,
				C42C74292B4B077F004E0A2C /* Release */,
			);
			defaultConfigurationIsVisible = 0;
			defaultConfigurationName = Release;
		};
		C42C742A2B4B077F004E0A2C /* Build configuration list for PBXNativeTarget "NutriList" */ = {
			isa = XCConfigurationList;
			buildConfigurations = (
				C42C742B2B4B077F004E0A2C /* Debug */,
				C42C742C2B4B077F004E0A2C /* Release */,
			);
			defaultConfigurationIsVisible = 0;
			defaultConfigurationName = Release;
		};
		C42C742D2B4B077F004E0A2C /* Build configuration list for PBXNativeTarget "NutriListTests" */ = {
			isa = XCConfigurationList;
			buildConfigurations = (
				C42C742E2B4B077F004E0A2C /* Debug */,
				C42C742F2B4B077F004E0A2C /* Release */,
			);
			defaultConfigurationIsVisible = 0;
			defaultConfigurationName = Release;
		};
		C42C74302B4B077F004E0A2C /* Build configuration list for PBXNativeTarget "NutriListUITests" */ = {
			isa = XCConfigurationList;
			buildConfigurations = (
				C42C74312B4B077F004E0A2C /* Debug */,
				C42C74322B4B077F004E0A2C /* Release */,
			);
			defaultConfigurationIsVisible = 0;
			defaultConfigurationName = Release;
		};
/* End XCConfigurationList section */

/* Begin XCRemoteSwiftPackageReference section */
		C42C74332B4B0B5D004E0A2C /* XCRemoteSwiftPackageReference "supabase-swift" */ = {
			isa = XCRemoteSwiftPackageReference;
			repositoryURL = "https://github.com/supabase-community/supabase-swift";
			requirement = {
				kind = upToNextMajorVersion;
				minimumVersion = 2.1.0;
			};
		};
/* End XCRemoteSwiftPackageReference section */

/* Begin XCSwiftPackageProductDependency section */
		C42C74342B4B0B5D004E0A2C /* Auth */ = {
			isa = XCSwiftPackageProductDependency;
			package = C42C74332B4B0B5D004E0A2C /* XCRemoteSwiftPackageReference "supabase-swift" */;
			productName = Auth;
		};
		C42C74362B4B0B5D004E0A2C /* Functions */ = {
			isa = XCSwiftPackageProductDependency;
			package = C42C74332B4B0B5D004E0A2C /* XCRemoteSwiftPackageReference "supabase-swift" */;
			productName = Functions;
		};
		C42C74382B4B0B5D004E0A2C /* PostgREST */ = {
			isa = XCSwiftPackageProductDependency;
			package = C42C74332B4B0B5D004E0A2C /* XCRemoteSwiftPackageReference "supabase-swift" */;
			productName = PostgREST;
		};
		C42C743A2B4B0B5D004E0A2C /* Realtime */ = {
			isa = XCSwiftPackageProductDependency;
			package = C42C74332B4B0B5D004E0A2C /* XCRemoteSwiftPackageReference "supabase-swift" */;
			productName = Realtime;
		};
		C42C743C2B4B0B5D004E0A2C /* Storage */ = {
			isa = XCSwiftPackageProductDependency;
			package = C42C74332B4B0B5D004E0A2C /* XCRemoteSwiftPackageReference "supabase-swift" */;
			productName = Storage;
		};
		C42C743E2B4B0B5D004E0A2C /* Supabase */ = {
			isa = XCSwiftPackageProductDependency;
			package = C42C74332B4B0B5D004E0A2C /* XCRemoteSwiftPackageReference "supabase-swift" */;
			productName = Supabase;
		};
/* End XCSwiftPackageProductDependency section */
	};
	rootObject = C42C73FE2B4B077C004E0A2C /* Project object */;
}
